{
  "requires": true,
  "lockfileVersion": 1,
  "dependencies": {
    "@types/node": {
      "version": "12.7.4",
      "resolved": "https://registry.npmjs.org/@types/node/-/node-12.7.4.tgz",
      "integrity": "sha512-W0+n1Y+gK/8G2P/piTkBBN38Qc5Q1ZSO6B5H3QmPCUewaiXOo2GCAWZ4ElZCcNhjJuBSUSLGFUJnmlCn5+nxOQ==",
      "dev": true
    },
    "@types/node-dijkstra": {
      "version": "2.5.0",
      "resolved": "https://registry.npmjs.org/@types/node-dijkstra/-/node-dijkstra-2.5.0.tgz",
      "integrity": "sha512-iWcNDM0PorXEv2PZbNps/64VXaMF3EcVuCyL+Y4ptnSL6rvKo2lq8VGfuW/iH6/UBne7jpQynnpdJXa9H4Dkag==",
      "dev": true,
      "requires": {
        "@types/node": "*"
      }
    }
  }
}
