# THIS IS AN AUTOGENERATED FILE. DO NOT EDIT THIS FILE DIRECTLY.
# yarn lockfile v1


"@types/node-dijkstra@^2.5.0":
  version "2.5.0"
  resolved "https://registry.yarnpkg.com/@types/node-dijkstra/-/node-dijkstra-2.5.0.tgz#9d3d3a815e180a54241b9cacbda10614618eb472"
  integrity sha512-iWcNDM0PorXEv2PZbNps/64VXaMF3EcVuCyL+Y4ptnSL6rvKo2lq8VGfuW/iH6/UBne7jpQynnpdJXa9H4Dkag==
  dependencies:
    "@types/node" "*"

"@types/node@*":
  version "12.7.4"
  resolved "https://registry.yarnpkg.com/@types/node/-/node-12.7.4.tgz#64db61e0359eb5a8d99b55e05c729f130a678b04"
  integrity sha512-W0+n1Y+gK/8G2P/piTkBBN38Qc5Q1ZSO6B5H3QmPCUewaiXOo2GCAWZ4ElZCcNhjJuBSUSLGFUJnmlCn5+nxOQ==

node-dijkstra@^2.5.0:
  version "2.5.0"
  resolved "https://registry.yarnpkg.com/node-dijkstra/-/node-dijkstra-2.5.0.tgz#0feb76c5a05f35b56e786de6df4d3364af28d4e8"
  integrity sha1-D+t2xaBfNbVueG3m300zZK8o1Og=
